{
  "name": "app",
  "version": "1.0.0",
  "lockfileVersion": 2,
  "requires": true,
  "packages": {
    "": {
      "version": "1.0.0",
      "license": "ISC",
      "dependencies": {
        "@rafalogan/date-util": "^1.0.0"
      }
    },
    "node_modules/@rafalogan/date-util": {
      "version": "1.0.0",
      "resolved": "http://localhost:4873/@rafalogan%2fdate-util/-/date-util-1.0.0.tgz",
      "integrity": "sha512-kXLZXkpSoj5G3p9FZsc1l5MW2f+KEjFFSTy3Ja2Eplsf4XBKtbkFgLLUggK1ySe3/eo8597VXjFhzFe4Zva4jg==",
      "license": "ISC",
      "dependencies": {
        "@rafalogan/string-util": "^1.0.0"
      }
    },
    "node_modules/@rafalogan/string-util": {
      "version": "1.0.0",
      "resolved": "http://localhost:4873/@rafalogan%2fstring-util/-/string-util-1.0.0.tgz",
      "integrity": "sha512-8BT48fSdyjPXuOXF0kr4hvPoaSP37FyASkTx19xG+oiW+hbP5wAzDKEnw1bc7J4ubqYWGlWkKxz+GD2k75ACjA==",
      "license": "ISC"
    }
  },
  "dependencies": {
    "@rafalogan/date-util": {
      "version": "1.0.0",
      "resolved": "http://localhost:4873/@rafalogan%2fdate-util/-/date-util-1.0.0.tgz",
      "integrity": "sha512-kXLZXkpSoj5G3p9FZsc1l5MW2f+KEjFFSTy3Ja2Eplsf4XBKtbkFgLLUggK1ySe3/eo8597VXjFhzFe4Zva4jg==",
      "requires": {
        "@rafalogan/string-util": "^1.0.0"
      }
    },
    "@rafalogan/string-util": {
      "version": "1.0.0",
      "resolved": "http://localhost:4873/@rafalogan%2fstring-util/-/string-util-1.0.0.tgz",
      "integrity": "sha512-8BT48fSdyjPXuOXF0kr4hvPoaSP37FyASkTx19xG+oiW+hbP5wAzDKEnw1bc7J4ubqYWGlWkKxz+GD2k75ACjA=="
    }
  }
}
