{
  "name": "myapp",
  "version": "1.0.0",
  "lockfileVersion": 2,
  "requires": true,
  "packages": {
    "": {
      "name": "myapp",
      "version": "1.0.0",
      "license": "ISC",
      "dependencies": {
        "@rafalogan/fluentsql": "^1.0.0"
      }
    },
    "node_modules/@rafalogan/fluentsql": {
      "version": "1.0.1",
      "resolved": "https://registry.npmjs.org/@rafalogan/fluentsql/-/fluentsql-1.0.1.tgz",
      "integrity": "sha512-CbEg6qQRirvQ6Uswladj+V4LodCIsxLjPzAklEeSMvxDAM3rsbdKEW2vCQTL48TP097LboalZMGvvhCrHNQu0Q=="
    }
  },
  "dependencies": {
    "@rafalogan/fluentsql": {
      "version": "1.0.1",
      "resolved": "https://registry.npmjs.org/@rafalogan/fluentsql/-/fluentsql-1.0.1.tgz",
      "integrity": "sha512-CbEg6qQRirvQ6Uswladj+V4LodCIsxLjPzAklEeSMvxDAM3rsbdKEW2vCQTL48TP097LboalZMGvvhCrHNQu0Q=="
    }
  }
}
