{
  "name": "myapp",
  "version": "1.0.0",
  "lockfileVersion": 2,
  "requires": true,
  "packages": {
    "": {
      "name": "myapp",
      "version": "1.0.0",
      "license": "ISC",
      "dependencies": {
        "@rafalogan/fluentsql": "^2.0.0"
      }
    },
    "node_modules/@rafalogan/fluentsql": {
      "version": "2.0.1",
      "resolved": "https://registry.npmjs.org/@rafalogan/fluentsql/-/fluentsql-2.0.1.tgz",
      "integrity": "sha512-zLna8ysCjBwCNmyzKD/O7N+iIECa1f+rcCUs7Tvx34OIhbqvZaVAdoPRY7RAtKqLqewA/Dy9CKoIavri/6q0vg=="
    }
  },
  "dependencies": {
    "@rafalogan/fluentsql": {
      "version": "2.0.1",
      "resolved": "https://registry.npmjs.org/@rafalogan/fluentsql/-/fluentsql-2.0.1.tgz",
      "integrity": "sha512-zLna8ysCjBwCNmyzKD/O7N+iIECa1f+rcCUs7Tvx34OIhbqvZaVAdoPRY7RAtKqLqewA/Dy9CKoIavri/6q0vg=="
    }
  }
}
